symfony 7f21a5e9792f892166a550bb55791d80248243fc
twig 4b929992df65808f36e8f93f87fa66a9fce03629
monolog b704c49a3051536f67f2d39f13568f74615b9922
doctrine-common b385ca770888248241bd3086a40d5b3bd082a706
doctrine-dbal e0b69790ab1ffd646fd70a04fdb91e5dfbb3ccf1
doctrine 144d0de0ab61dffc738d7fb590cff8d77919f553
swiftmailer daaff2b8515390fbb10882647311f476b89a67e6
assetic f829ad23d23c87480151a21faad49fefe7c09e5d
twig-extensions eba4f5d572bec05c72a47bbd73ba0a3330cf8f54
metadata 8717ad2a5689480765d9ffafe925cd8a2457e582
SensioFrameworkExtraBundle b6565d32d71325be1f56943a8758b18f5999de8c
JMSSecurityExtraBundle b8b7eb294ed83d83ca7260ac018e701f08003538
SensioDistributionBundle 2082cb99d408fd89243059c6eff866347ec00bbe
SensioGeneratorBundle 2016dd4752ec52990b3fb304d68422eab3b1e8e0
AsseticBundle 41b5913b5086a0909af92adcb4a6005ee0051b16
Sfblib 599ef469f963605a08b035708d27ec4a930bcaed
SonatajQueryBundle cb7039bd694711e17b4db675434eb4ab8bc65d95
SonataUserBundle aa72a6c00745f6fede061245e5e97d889df99a52
SonataAdminBundle 9c3b2d3344d26814d1e5dd9064e82186e78da145
SonataDoctrineORMAdminBundle 59ed79cd6bcdd2c969a35d2a6150a4834fd986f1
MenuBundle ad44889edc68fce494a84f74156e9a8ba2fedf7c
KnpMenu ef1f54734e490f0e02b43e0158fc4b1dbbccee27